// !$*UTF8*$!
{
	archiveVersion = 1;
	classes = {
	};
	objectVersion = 50;
	objects = {

/* Begin PBXBuildFile section */
		452B3229207C963A00339007 /* CompanyModels.xcdatamodeld in Sources */ = {isa = PBXBuildFile; fileRef = 452B3227207C963A00339007 /* CompanyModels.xcdatamodeld */; };
		452B322D207CB54000339007 /* CoreDataManager.swift in Sources */ = {isa = PBXBuildFile; fileRef = 452B322C207CB54000339007 /* CoreDataManager.swift */; };
		452E46B72083123800CE1ACD /* EmptyCompaniesView.swift in Sources */ = {isa = PBXBuildFile; fileRef = 452E46B62083123800CE1ACD /* EmptyCompaniesView.swift */; };
		4530A0FE208A0521000CDDCB /* CompanyCell.swift in Sources */ = {isa = PBXBuildFile; fileRef = 4530A0FD208A0520000CDDCB /* CompanyCell.swift */; };
		4535C99A20F808F700E8DB54 /* EmployeesController+Delegate.swift in Sources */ = {isa = PBXBuildFile; fileRef = 4535C99920F808F700E8DB54 /* EmployeesController+Delegate.swift */; };
		45368E7D20F5639D0080DDCD /* HeaderView.swift in Sources */ = {isa = PBXBuildFile; fileRef = 45368E7C20F5639D0080DDCD /* HeaderView.swift */; };
		45368E7F20F564C40080DDCD /* EmployeesController.swift in Sources */ = {isa = PBXBuildFile; fileRef = 45368E7E20F564C40080DDCD /* EmployeesController.swift */; };
		45368E8120F566790080DDCD /* UIViewController+Helpers.swift in Sources */ = {isa = PBXBuildFile; fileRef = 45368E8020F566790080DDCD /* UIViewController+Helpers.swift */; };
		45368E8420F567BB0080DDCD /* CreateEmployeeController.swift in Sources */ = {isa = PBXBuildFile; fileRef = 45368E8320F567BB0080DDCD /* CreateEmployeeController.swift */; };
		4536960F2106840100E3121C /* CompaniesAutoUpdateController.swift in Sources */ = {isa = PBXBuildFile; fileRef = 4536960E2106840100E3121C /* CompaniesAutoUpdateController.swift */; };
		4549FB1E20FFF11D0091CC86 /* EmployeeType.swift in Sources */ = {isa = PBXBuildFile; fileRef = 4549FB1D20FFF11D0091CC86 /* EmployeeType.swift */; };
		45778FBC207B73EE00A966B8 /* AppDelegate.swift in Sources */ = {isa = PBXBuildFile; fileRef = 45778FBB207B73EE00A966B8 /* AppDelegate.swift */; };
		45778FBE207B73EE00A966B8 /* CompaniesController.swift in Sources */ = {isa = PBXBuildFile; fileRef = 45778FBD207B73EE00A966B8 /* CompaniesController.swift */; };
		45778FC1207B73EE00A966B8 /* Main.storyboard in Resources */ = {isa = PBXBuildFile; fileRef = 45778FBF207B73EE00A966B8 /* Main.storyboard */; };
		45778FC3207B73F100A966B8 /* Assets.xcassets in Resources */ = {isa = PBXBuildFile; fileRef = 45778FC2207B73F100A966B8 /* Assets.xcassets */; };
		45778FC6207B73F100A966B8 /* LaunchScreen.storyboard in Resources */ = {isa = PBXBuildFile; fileRef = 45778FC4207B73F100A966B8 /* LaunchScreen.storyboard */; };
		45778FCF207B788E00A966B8 /* Extensions.swift in Sources */ = {isa = PBXBuildFile; fileRef = 45778FCE207B788E00A966B8 /* Extensions.swift */; };
		45778FD2207B7A1D00A966B8 /* CustomNavController.swift in Sources */ = {isa = PBXBuildFile; fileRef = 45778FD1207B7A1D00A966B8 /* CustomNavController.swift */; };
		45778FD4207B835700A966B8 /* CompaniesController+Delegate.swift in Sources */ = {isa = PBXBuildFile; fileRef = 45778FD3207B835700A966B8 /* CompaniesController+Delegate.swift */; };
		45778FDC207B91C800A966B8 /* CreateCompanyController.swift in Sources */ = {isa = PBXBuildFile; fileRef = 45778FDB207B91C800A966B8 /* CreateCompanyController.swift */; };
/* End PBXBuildFile section */

/* Begin PBXFileReference section */
		452B3228207C963A00339007 /* CompanyModels.xcdatamodel */ = {isa = PBXFileReference; lastKnownFileType = wrapper.xcdatamodel; path = CompanyModels.xcdatamodel; sourceTree = "<group>"; };
		452B322C207CB54000339007 /* CoreDataManager.swift */ = {isa = PBXFileReference; lastKnownFileType = sourcecode.swift; path = CoreDataManager.swift; sourceTree = "<group>"; };
		452E46B62083123800CE1ACD /* EmptyCompaniesView.swift */ = {isa = PBXFileReference; lastKnownFileType = sourcecode.swift; path = EmptyCompaniesView.swift; sourceTree = "<group>"; };
		4530A0FD208A0520000CDDCB /* CompanyCell.swift */ = {isa = PBXFileReference; lastKnownFileType = sourcecode.swift; path = CompanyCell.swift; sourceTree = "<group>"; };
		4535C99920F808F700E8DB54 /* EmployeesController+Delegate.swift */ = {isa = PBXFileReference; lastKnownFileType = sourcecode.swift; path = "EmployeesController+Delegate.swift"; sourceTree = "<group>"; };
		45368E7C20F5639D0080DDCD /* HeaderView.swift */ = {isa = PBXFileReference; lastKnownFileType = sourcecode.swift; path = HeaderView.swift; sourceTree = "<group>"; };
		45368E7E20F564C40080DDCD /* EmployeesController.swift */ = {isa = PBXFileReference; lastKnownFileType = sourcecode.swift; path = EmployeesController.swift; sourceTree = "<group>"; };
		45368E8020F566790080DDCD /* UIViewController+Helpers.swift */ = {isa = PBXFileReference; lastKnownFileType = sourcecode.swift; path = "UIViewController+Helpers.swift"; sourceTree = "<group>"; };
		45368E8320F567BB0080DDCD /* CreateEmployeeController.swift */ = {isa = PBXFileReference; lastKnownFileType = sourcecode.swift; path = CreateEmployeeController.swift; sourceTree = "<group>"; };
		4536960E2106840100E3121C /* CompaniesAutoUpdateController.swift */ = {isa = PBXFileReference; lastKnownFileType = sourcecode.swift; path = CompaniesAutoUpdateController.swift; sourceTree = "<group>"; };
		4549FB1D20FFF11D0091CC86 /* EmployeeType.swift */ = {isa = PBXFileReference; lastKnownFileType = sourcecode.swift; path = EmployeeType.swift; sourceTree = "<group>"; };
		45778FB8207B73EE00A966B8 /* CompanyWithCoreData.app */ = {isa = PBXFileReference; explicitFileType = wrapper.application; includeInIndex = 0; path = CompanyWithCoreData.app; sourceTree = BUILT_PRODUCTS_DIR; };
		45778FBB207B73EE00A966B8 /* AppDelegate.swift */ = {isa = PBXFileReference; lastKnownFileType = sourcecode.swift; path = AppDelegate.swift; sourceTree = "<group>"; };
		45778FBD207B73EE00A966B8 /* CompaniesController.swift */ = {isa = PBXFileReference; lastKnownFileType = sourcecode.swift; path = CompaniesController.swift; sourceTree = "<group>"; };
		45778FC0207B73EE00A966B8 /* Base */ = {isa = PBXFileReference; lastKnownFileType = file.storyboard; name = Base; path = Base.lproj/Main.storyboard; sourceTree = "<group>"; };
		45778FC2207B73F100A966B8 /* Assets.xcassets */ = {isa = PBXFileReference; lastKnownFileType = folder.assetcatalog; path = Assets.xcassets; sourceTree = "<group>"; };
		45778FC5207B73F100A966B8 /* Base */ = {isa = PBXFileReference; lastKnownFileType = file.storyboard; name = Base; path = Base.lproj/LaunchScreen.storyboard; sourceTree = "<group>"; };
		45778FC7207B73F100A966B8 /* Info.plist */ = {isa = PBXFileReference; lastKnownFileType = text.plist.xml; path = Info.plist; sourceTree = "<group>"; };
		45778FCE207B788E00A966B8 /* Extensions.swift */ = {isa = PBXFileReference; lastKnownFileType = sourcecode.swift; path = Extensions.swift; sourceTree = "<group>"; };
		45778FD1207B7A1D00A966B8 /* CustomNavController.swift */ = {isa = PBXFileReference; lastKnownFileType = sourcecode.swift; path = CustomNavController.swift; sourceTree = "<group>"; };
		45778FD3207B835700A966B8 /* CompaniesController+Delegate.swift */ = {isa = PBXFileReference; lastKnownFileType = sourcecode.swift; path = "CompaniesController+Delegate.swift"; sourceTree = "<group>"; };
		45778FDB207B91C800A966B8 /* CreateCompanyController.swift */ = {isa = PBXFileReference; lastKnownFileType = sourcecode.swift; path = CreateCompanyController.swift; sourceTree = "<group>"; };
/* End PBXFileReference section */

/* Begin PBXFrameworksBuildPhase section */
		45778FB5207B73EE00A966B8 /* Frameworks */ = {
			isa = PBXFrameworksBuildPhase;
			buildActionMask = 2147483647;
			files = (
			);
			runOnlyForDeploymentPostprocessing = 0;
		};
/* End PBXFrameworksBuildPhase section */

/* Begin PBXGroup section */
		452EF4CB207E021400824F7F /* Supporting Files */ = {
			isa = PBXGroup;
			children = (
				45778FBB207B73EE00A966B8 /* AppDelegate.swift */,
				45778FC2207B73F100A966B8 /* Assets.xcassets */,
				45778FBF207B73EE00A966B8 /* Main.storyboard */,
				45778FC4207B73F100A966B8 /* LaunchScreen.storyboard */,
			);
			path = "Supporting Files";
			sourceTree = "<group>";
		};
		4535C99820F8054900E8DB54 /* Employees */ = {
			isa = PBXGroup;
			children = (
				45368E7E20F564C40080DDCD /* EmployeesController.swift */,
				4535C99920F808F700E8DB54 /* EmployeesController+Delegate.swift */,
			);
			path = Employees;
			sourceTree = "<group>";
		};
		45368E8220F5679F0080DDCD /* CreateEmployee */ = {
			isa = PBXGroup;
			children = (
				45368E8320F567BB0080DDCD /* CreateEmployeeController.swift */,
			);
			path = CreateEmployee;
			sourceTree = "<group>";
		};
		45778FAF207B73ED00A966B8 = {
			isa = PBXGroup;
			children = (
				45778FBA207B73EE00A966B8 /* CompanyWithCoreData */,
				45778FB9207B73EE00A966B8 /* Products */,
			);
			sourceTree = "<group>";
		};
		45778FB9207B73EE00A966B8 /* Products */ = {
			isa = PBXGroup;
			children = (
				45778FB8207B73EE00A966B8 /* CompanyWithCoreData.app */,
			);
			name = Products;
			sourceTree = "<group>";
		};
		45778FBA207B73EE00A966B8 /* CompanyWithCoreData */ = {
			isa = PBXGroup;
			children = (
				45778FD7207B8DF200A966B8 /* Models */,
				45778FD6207B885B00A966B8 /* Views */,
				45778FD0207B7A0800A966B8 /* Controllers */,
				45778FCD207B786B00A966B8 /* Utils */,
				452EF4CB207E021400824F7F /* Supporting Files */,
				45778FC7207B73F100A966B8 /* Info.plist */,
			);
			path = CompanyWithCoreData;
			sourceTree = "<group>";
		};
		45778FCD207B786B00A966B8 /* Utils */ = {
			isa = PBXGroup;
			children = (
				45778FCE207B788E00A966B8 /* Extensions.swift */,
				45368E8020F566790080DDCD /* UIViewController+Helpers.swift */,
			);
			path = Utils;
			sourceTree = "<group>";
		};
		45778FD0207B7A0800A966B8 /* Controllers */ = {
			isa = PBXGroup;
			children = (
				45368E8220F5679F0080DDCD /* CreateEmployee */,
				4535C99820F8054900E8DB54 /* Employees */,
				45778FDA207B90B000A966B8 /* CreateCompany */,
				45778FD5207B839700A966B8 /* Companies */,
				45778FD1207B7A1D00A966B8 /* CustomNavController.swift */,
			);
			path = Controllers;
			sourceTree = "<group>";
		};
		45778FD5207B839700A966B8 /* Companies */ = {
			isa = PBXGroup;
			children = (
				45778FBD207B73EE00A966B8 /* CompaniesController.swift */,
				45778FD3207B835700A966B8 /* CompaniesController+Delegate.swift */,
				4536960E2106840100E3121C /* CompaniesAutoUpdateController.swift */,
			);
			path = Companies;
			sourceTree = "<group>";
		};
		45778FD6207B885B00A966B8 /* Views */ = {
			isa = PBXGroup;
			children = (
				452E46B62083123800CE1ACD /* EmptyCompaniesView.swift */,
				4530A0FD208A0520000CDDCB /* CompanyCell.swift */,
				45368E7C20F5639D0080DDCD /* HeaderView.swift */,
			);
			path = Views;
			sourceTree = "<group>";
		};
		45778FD7207B8DF200A966B8 /* Models */ = {
			isa = PBXGroup;
			children = (
				452B322C207CB54000339007 /* CoreDataManager.swift */,
				452B3227207C963A00339007 /* CompanyModels.xcdatamodeld */,
				4549FB1D20FFF11D0091CC86 /* EmployeeType.swift */,
			);
			path = Models;
			sourceTree = "<group>";
		};
		45778FDA207B90B000A966B8 /* CreateCompany */ = {
			isa = PBXGroup;
			children = (
				45778FDB207B91C800A966B8 /* CreateCompanyController.swift */,
			);
			path = CreateCompany;
			sourceTree = "<group>";
		};
/* End PBXGroup section */

/* Begin PBXNativeTarget section */
		45778FB7207B73EE00A966B8 /* CompanyWithCoreData */ = {
			isa = PBXNativeTarget;
			buildConfigurationList = 45778FCA207B73F100A966B8 /* Build configuration list for PBXNativeTarget "CompanyWithCoreData" */;
			buildPhases = (
				45778FB4207B73EE00A966B8 /* Sources */,
				45778FB5207B73EE00A966B8 /* Frameworks */,
				45778FB6207B73EE00A966B8 /* Resources */,
			);
			buildRules = (
			);
			dependencies = (
			);
			name = CompanyWithCoreData;
			productName = CompanyWithCoreData;
			productReference = 45778FB8207B73EE00A966B8 /* CompanyWithCoreData.app */;
			productType = "com.apple.product-type.application";
		};
/* End PBXNativeTarget section */

/* Begin PBXProject section */
		45778FB0207B73EE00A966B8 /* Project object */ = {
			isa = PBXProject;
			attributes = {
				LastSwiftUpdateCheck = 0930;
				LastUpgradeCheck = 0930;
				ORGANIZATIONNAME = "YoungWoon Lee";
				TargetAttributes = {
					45778FB7207B73EE00A966B8 = {
						CreatedOnToolsVersion = 9.3;
						LastSwiftMigration = 1000;
					};
				};
			};
			buildConfigurationList = 45778FB3207B73EE00A966B8 /* Build configuration list for PBXProject "CompanyWithCoreData" */;
			compatibilityVersion = "Xcode 9.3";
			developmentRegion = en;
			hasScannedForEncodings = 0;
			knownRegions = (
				en,
				Base,
			);
			mainGroup = 45778FAF207B73ED00A966B8;
			productRefGroup = 45778FB9207B73EE00A966B8 /* Products */;
			projectDirPath = "";
			projectRoot = "";
			targets = (
				45778FB7207B73EE00A966B8 /* CompanyWithCoreData */,
			);
		};
/* End PBXProject section */

/* Begin PBXResourcesBuildPhase section */
		45778FB6207B73EE00A966B8 /* Resources */ = {
			isa = PBXResourcesBuildPhase;
			buildActionMask = 2147483647;
			files = (
				45778FC6207B73F100A966B8 /* LaunchScreen.storyboard in Resources */,
				45778FC3207B73F100A966B8 /* Assets.xcassets in Resources */,
				45778FC1207B73EE00A966B8 /* Main.storyboard in Resources */,
			);
			runOnlyForDeploymentPostprocessing = 0;
		};
/* End PBXResourcesBuildPhase section */

/* Begin PBXSourcesBuildPhase section */
		45778FB4207B73EE00A966B8 /* Sources */ = {
			isa = PBXSourcesBuildPhase;
			buildActionMask = 2147483647;
			files = (
				4536960F2106840100E3121C /* CompaniesAutoUpdateController.swift in Sources */,
				45778FD2207B7A1D00A966B8 /* CustomNavController.swift in Sources */,
				452B3229207C963A00339007 /* CompanyModels.xcdatamodeld in Sources */,
				452E46B72083123800CE1ACD /* EmptyCompaniesView.swift in Sources */,
				4535C99A20F808F700E8DB54 /* EmployeesController+Delegate.swift in Sources */,
				45778FBE207B73EE00A966B8 /* CompaniesController.swift in Sources */,
				45368E7F20F564C40080DDCD /* EmployeesController.swift in Sources */,
				45778FCF207B788E00A966B8 /* Extensions.swift in Sources */,
				45368E8120F566790080DDCD /* UIViewController+Helpers.swift in Sources */,
				45368E8420F567BB0080DDCD /* CreateEmployeeController.swift in Sources */,
				45778FDC207B91C800A966B8 /* CreateCompanyController.swift in Sources */,
				45368E7D20F5639D0080DDCD /* HeaderView.swift in Sources */,
				452B322D207CB54000339007 /* CoreDataManager.swift in Sources */,
				4530A0FE208A0521000CDDCB /* CompanyCell.swift in Sources */,
				45778FD4207B835700A966B8 /* CompaniesController+Delegate.swift in Sources */,
				45778FBC207B73EE00A966B8 /* AppDelegate.swift in Sources */,
				4549FB1E20FFF11D0091CC86 /* EmployeeType.swift in Sources */,
			);
			runOnlyForDeploymentPostprocessing = 0;
		};
/* End PBXSourcesBuildPhase section */

/* Begin PBXVariantGroup section */
		45778FBF207B73EE00A966B8 /* Main.storyboard */ = {
			isa = PBXVariantGroup;
			children = (
				45778FC0207B73EE00A966B8 /* Base */,
			);
			name = Main.storyboard;
			sourceTree = "<group>";
		};
		45778FC4207B73F100A966B8 /* LaunchScreen.storyboard */ = {
			isa = PBXVariantGroup;
			children = (
				45778FC5207B73F100A966B8 /* Base */,
			);
			name = LaunchScreen.storyboard;
			sourceTree = "<group>";
		};
/* End PBXVariantGroup section */

/* Begin XCBuildConfiguration section */
		45778FC8207B73F100A966B8 /* Debug */ = {
			isa = XCBuildConfiguration;
			buildSettings = {
				ALWAYS_SEARCH_USER_PATHS = NO;
				CLANG_ANALYZER_NONNULL = YES;
				CLANG_ANALYZER_NUMBER_OBJECT_CONVERSION = YES_AGGRESSIVE;
				CLANG_CXX_LANGUAGE_STANDARD = "gnu++14";
				CLANG_CXX_LIBRARY = "libc++";
				CLANG_ENABLE_MODULES = YES;
				CLANG_ENABLE_OBJC_ARC = YES;
				CLANG_ENABLE_OBJC_WEAK = YES;
				CLANG_WARN_BLOCK_CAPTURE_AUTORELEASING = YES;
				CLANG_WARN_BOOL_CONVERSION = YES;
				CLANG_WARN_COMMA = YES;
				CLANG_WARN_CONSTANT_CONVERSION = YES;
				CLANG_WARN_DEPRECATED_OBJC_IMPLEMENTATIONS = YES;
				CLANG_WARN_DIRECT_OBJC_ISA_USAGE = YES_ERROR;
				CLANG_WARN_DOCUMENTATION_COMMENTS = YES;
				CLANG_WARN_EMPTY_BODY = YES;
				CLANG_WARN_ENUM_CONVERSION = YES;
				CLANG_WARN_INFINITE_RECURSION = YES;
				CLANG_WARN_INT_CONVERSION = YES;
				CLANG_WARN_NON_LITERAL_NULL_CONVERSION = YES;
				CLANG_WARN_OBJC_IMPLICIT_RETAIN_SELF = YES;
				CLANG_WARN_OBJC_LITERAL_CONVERSION = YES;
				CLANG_WARN_OBJC_ROOT_CLASS = YES_ERROR;
				CLANG_WARN_RANGE_LOOP_ANALYSIS = YES;
				CLANG_WARN_STRICT_PROTOTYPES = YES;
				CLANG_WARN_SUSPICIOUS_MOVE = YES;
				CLANG_WARN_UNGUARDED_AVAILABILITY = YES_AGGRESSIVE;
				CLANG_WARN_UNREACHABLE_CODE = YES;
				CLANG_WARN__DUPLICATE_METHOD_MATCH = YES;
				CODE_SIGN_IDENTITY = "iPhone Developer";
				COPY_PHASE_STRIP = NO;
				DEBUG_INFORMATION_FORMAT = dwarf;
				ENABLE_STRICT_OBJC_MSGSEND = YES;
				ENABLE_TESTABILITY = YES;
				GCC_C_LANGUAGE_STANDARD = gnu11;
				GCC_DYNAMIC_NO_PIC = NO;
				GCC_NO_COMMON_BLOCKS = YES;
				GCC_OPTIMIZATION_LEVEL = 0;
				GCC_PREPROCESSOR_DEFINITIONS = (
					"DEBUG=1",
					"$(inherited)",
				);
				GCC_WARN_64_TO_32_BIT_CONVERSION = YES;
				GCC_WARN_ABOUT_RETURN_TYPE = YES_ERROR;
				GCC_WARN_UNDECLARED_SELECTOR = YES;
				GCC_WARN_UNINITIALIZED_AUTOS = YES_AGGRESSIVE;
				GCC_WARN_UNUSED_FUNCTION = YES;
				GCC_WARN_UNUSED_VARIABLE = YES;
				IPHONEOS_DEPLOYMENT_TARGET = 11.3;
				MTL_ENABLE_DEBUG_INFO = YES;
				ONLY_ACTIVE_ARCH = YES;
				SDKROOT = iphoneos;
				SWIFT_ACTIVE_COMPILATION_CONDITIONS = DEBUG;
				SWIFT_OPTIMIZATION_LEVEL = "-Onone";
			};
			name = Debug;
		};
		45778FC9207B73F100A966B8 /* Release */ = {
			isa = XCBuildConfiguration;
			buildSettings = {
				ALWAYS_SEARCH_USER_PATHS = NO;
				CLANG_ANALYZER_NONNULL = YES;
				CLANG_ANALYZER_NUMBER_OBJECT_CONVERSION = YES_AGGRESSIVE;
				CLANG_CXX_LANGUAGE_STANDARD = "gnu++14";
				CLANG_CXX_LIBRARY = "libc++";
				CLANG_ENABLE_MODULES = YES;
				CLANG_ENABLE_OBJC_ARC = YES;
				CLANG_ENABLE_OBJC_WEAK = YES;
				CLANG_WARN_BLOCK_CAPTURE_AUTORELEASING = YES;
				CLANG_WARN_BOOL_CONVERSION = YES;
				CLANG_WARN_COMMA = YES;
				CLANG_WARN_CONSTANT_CONVERSION = YES;
				CLANG_WARN_DEPRECATED_OBJC_IMPLEMENTATIONS = YES;
				CLANG_WARN_DIRECT_OBJC_ISA_USAGE = YES_ERROR;
				CLANG_WARN_DOCUMENTATION_COMMENTS = YES;
				CLANG_WARN_EMPTY_BODY = YES;
				CLANG_WARN_ENUM_CONVERSION = YES;
				CLANG_WARN_INFINITE_RECURSION = YES;
				CLANG_WARN_INT_CONVERSION = YES;
				CLANG_WARN_NON_LITERAL_NULL_CONVERSION = YES;
				CLANG_WARN_OBJC_IMPLICIT_RETAIN_SELF = YES;
				CLANG_WARN_OBJC_LITERAL_CONVERSION = YES;
				CLANG_WARN_OBJC_ROOT_CLASS = YES_ERROR;
				CLANG_WARN_RANGE_LOOP_ANALYSIS = YES;
				CLANG_WARN_STRICT_PROTOTYPES = YES;
				CLANG_WARN_SUSPICIOUS_MOVE = YES;
				CLANG_WARN_UNGUARDED_AVAILABILITY = YES_AGGRESSIVE;
				CLANG_WARN_UNREACHABLE_CODE = YES;
				CLANG_WARN__DUPLICATE_METHOD_MATCH = YES;
				CODE_SIGN_IDENTITY = "iPhone Developer";
				COPY_PHASE_STRIP = NO;
				DEBUG_INFORMATION_FORMAT = "dwarf-with-dsym";
				ENABLE_NS_ASSERTIONS = NO;
				ENABLE_STRICT_OBJC_MSGSEND = YES;
				GCC_C_LANGUAGE_STANDARD = gnu11;
				GCC_NO_COMMON_BLOCKS = YES;
				GCC_WARN_64_TO_32_BIT_CONVERSION = YES;
				GCC_WARN_ABOUT_RETURN_TYPE = YES_ERROR;
				GCC_WARN_UNDECLARED_SELECTOR = YES;
				GCC_WARN_UNINITIALIZED_AUTOS = YES_AGGRESSIVE;
				GCC_WARN_UNUSED_FUNCTION = YES;
				GCC_WARN_UNUSED_VARIABLE = YES;
				IPHONEOS_DEPLOYMENT_TARGET = 11.3;
				MTL_ENABLE_DEBUG_INFO = NO;
				SDKROOT = iphoneos;
				SWIFT_COMPILATION_MODE = wholemodule;
				SWIFT_OPTIMIZATION_LEVEL = "-O";
				VALIDATE_PRODUCT = YES;
			};
			name = Release;
		};
		45778FCB207B73F100A966B8 /* Debug */ = {
			isa = XCBuildConfiguration;
			buildSettings = {
				ASSETCATALOG_COMPILER_APPICON_NAME = AppIcon;
				CODE_SIGN_STYLE = Automatic;
				DEVELOPMENT_TEAM = 822S9466S6;
				INFOPLIST_FILE = CompanyWithCoreData/Info.plist;
				LD_RUNPATH_SEARCH_PATHS = (
					"$(inherited)",
					"@executable_path/Frameworks",
				);
				PRODUCT_BUNDLE_IDENTIFIER = com.naver.lywzz6342.CompanyWithCoreData;
				PRODUCT_NAME = "$(TARGET_NAME)";
				SWIFT_VERSION = 4.2;
				TARGETED_DEVICE_FAMILY = "1,2";
			};
			name = Debug;
		};
		45778FCC207B73F100A966B8 /* Release */ = {
			isa = XCBuildConfiguration;
			buildSettings = {
				ASSETCATALOG_COMPILER_APPICON_NAME = AppIcon;
				CODE_SIGN_STYLE = Automatic;
				DEVELOPMENT_TEAM = 822S9466S6;
				INFOPLIST_FILE = CompanyWithCoreData/Info.plist;
				LD_RUNPATH_SEARCH_PATHS = (
					"$(inherited)",
					"@executable_path/Frameworks",
				);
				PRODUCT_BUNDLE_IDENTIFIER = com.naver.lywzz6342.CompanyWithCoreData;
				PRODUCT_NAME = "$(TARGET_NAME)";
				SWIFT_VERSION = 4.2;
				TARGETED_DEVICE_FAMILY = "1,2";
			};
			name = Release;
		};
/* End XCBuildConfiguration section */

/* Begin XCConfigurationList section */
		45778FB3207B73EE00A966B8 /* Build configuration list for PBXProject "CompanyWithCoreData" */ = {
			isa = XCConfigurationList;
			buildConfigurations = (
				45778FC8207B73F100A966B8 /* Debug */,
				45778FC9207B73F100A966B8 /* Release */,
			);
			defaultConfigurationIsVisible = 0;
			defaultConfigurationName = Release;
		};
		45778FCA207B73F100A966B8 /* Build configuration list for PBXNativeTarget "CompanyWithCoreData" */ = {
			isa = XCConfigurationList;
			buildConfigurations = (
				45778FCB207B73F100A966B8 /* Debug */,
				45778FCC207B73F100A966B8 /* Release */,
			);
			defaultConfigurationIsVisible = 0;
			defaultConfigurationName = Release;
		};
/* End XCConfigurationList section */

/* Begin XCVersionGroup section */
		452B3227207C963A00339007 /* CompanyModels.xcdatamodeld */ = {
			isa = XCVersionGroup;
			children = (
				452B3228207C963A00339007 /* CompanyModels.xcdatamodel */,
			);
			currentVersion = 452B3228207C963A00339007 /* CompanyModels.xcdatamodel */;
			path = CompanyModels.xcdatamodeld;
			sourceTree = "<group>";
			versionGroupType = wrapper.xcdatamodel;
		};
/* End XCVersionGroup section */
	};
	rootObject = 45778FB0207B73EE00A966B8 /* Project object */;
}
